// !$*UTF8*$!
{
	archiveVersion = 1;
	classes = {
	};
	objectVersion = 50;
	objects = {

/* Begin PBXBuildFile section */
		2E5BAAFE23A4A06700CA9A41 /* AppDelegate.swift in Sources */ = {isa = PBXBuildFile; fileRef = 2E5BAAFD23A4A06700CA9A41 /* AppDelegate.swift */; };
		2E5BAB0023A4A06700CA9A41 /* SceneDelegate.swift in Sources */ = {isa = PBXBuildFile; fileRef = 2E5BAAFF23A4A06700CA9A41 /* SceneDelegate.swift */; };
		2E5BAB0223A4A06700CA9A41 /* GameViewController.swift in Sources */ = {isa = PBXBuildFile; fileRef = 2E5BAB0123A4A06700CA9A41 /* GameViewController.swift */; };
		2E5BAB0523A4A06700CA9A41 /* Main.storyboard in Resources */ = {isa = PBXBuildFile; fileRef = 2E5BAB0323A4A06700CA9A41 /* Main.storyboard */; };
		2E5BAB0723A4A06800CA9A41 /* Assets.xcassets in Resources */ = {isa = PBXBuildFile; fileRef = 2E5BAB0623A4A06800CA9A41 /* Assets.xcassets */; };
		2E5BAB0A23A4A06800CA9A41 /* LaunchScreen.storyboard in Resources */ = {isa = PBXBuildFile; fileRef = 2E5BAB0823A4A06800CA9A41 /* LaunchScreen.storyboard */; };
		2E5BAB1623A4AF1D00CA9A41 /* String.swift in Sources */ = {isa = PBXBuildFile; fileRef = 2E5BAB1523A4AF1D00CA9A41 /* String.swift */; };
		2E5BAB1823AF1F9C00CA9A41 /* DIceGameViewController.swift in Sources */ = {isa = PBXBuildFile; fileRef = 2E5BAB1723AF1F9C00CA9A41 /* DIceGameViewController.swift */; };
		F72F5CDA2414955C00BAA804 /* SettingsTableViewController.swift in Sources */ = {isa = PBXBuildFile; fileRef = F72F5CD92414955C00BAA804 /* SettingsTableViewController.swift */; };
		F72F5CE02414CF9100BAA804 /* ResultsTableViewController.swift in Sources */ = {isa = PBXBuildFile; fileRef = F72F5CDF2414CF9100BAA804 /* ResultsTableViewController.swift */; };
/* End PBXBuildFile section */

/* Begin PBXFileReference section */
		2E5BAAFA23A4A06700CA9A41 /* PATSAV Game.app */ = {isa = PBXFileReference; explicitFileType = wrapper.application; includeInIndex = 0; path = "PATSAV Game.app"; sourceTree = BUILT_PRODUCTS_DIR; };
		2E5BAAFD23A4A06700CA9A41 /* AppDelegate.swift */ = {isa = PBXFileReference; lastKnownFileType = sourcecode.swift; path = AppDelegate.swift; sourceTree = "<group>"; };
		2E5BAAFF23A4A06700CA9A41 /* SceneDelegate.swift */ = {isa = PBXFileReference; lastKnownFileType = sourcecode.swift; path = SceneDelegate.swift; sourceTree = "<group>"; };
		2E5BAB0123A4A06700CA9A41 /* GameViewController.swift */ = {isa = PBXFileReference; lastKnownFileType = sourcecode.swift; path = GameViewController.swift; sourceTree = "<group>"; };
		2E5BAB0423A4A06700CA9A41 /* Base */ = {isa = PBXFileReference; lastKnownFileType = file.storyboard; name = Base; path = Base.lproj/Main.storyboard; sourceTree = "<group>"; };
		2E5BAB0623A4A06800CA9A41 /* Assets.xcassets */ = {isa = PBXFileReference; lastKnownFileType = folder.assetcatalog; path = Assets.xcassets; sourceTree = "<group>"; };
		2E5BAB0923A4A06800CA9A41 /* Base */ = {isa = PBXFileReference; lastKnownFileType = file.storyboard; name = Base; path = Base.lproj/LaunchScreen.storyboard; sourceTree = "<group>"; };
		2E5BAB0B23A4A06800CA9A41 /* Info.plist */ = {isa = PBXFileReference; lastKnownFileType = text.plist.xml; path = Info.plist; sourceTree = "<group>"; };
		2E5BAB1523A4AF1D00CA9A41 /* String.swift */ = {isa = PBXFileReference; lastKnownFileType = sourcecode.swift; path = String.swift; sourceTree = "<group>"; };
		2E5BAB1723AF1F9C00CA9A41 /* DIceGameViewController.swift */ = {isa = PBXFileReference; lastKnownFileType = sourcecode.swift; path = DIceGameViewController.swift; sourceTree = "<group>"; };
		F72F5CD92414955C00BAA804 /* SettingsTableViewController.swift */ = {isa = PBXFileReference; lastKnownFileType = sourcecode.swift; path = SettingsTableViewController.swift; sourceTree = "<group>"; };
		F72F5CDF2414CF9100BAA804 /* ResultsTableViewController.swift */ = {isa = PBXFileReference; lastKnownFileType = sourcecode.swift; path = ResultsTableViewController.swift; sourceTree = "<group>"; };
/* End PBXFileReference section */

/* Begin PBXFrameworksBuildPhase section */
		2E5BAAF723A4A06700CA9A41 /* Frameworks */ = {
			isa = PBXFrameworksBuildPhase;
			buildActionMask = 2147483647;
			files = (
			);
			runOnlyForDeploymentPostprocessing = 0;
		};
/* End PBXFrameworksBuildPhase section */

/* Begin PBXGroup section */
		2E5BAAF123A4A06700CA9A41 = {
			isa = PBXGroup;
			children = (
				2E5BAAFC23A4A06700CA9A41 /* dEmo */,
				2E5BAAFB23A4A06700CA9A41 /* Products */,
			);
			sourceTree = "<group>";
		};
		2E5BAAFB23A4A06700CA9A41 /* Products */ = {
			isa = PBXGroup;
			children = (
				2E5BAAFA23A4A06700CA9A41 /* PATSAV Game.app */,
			);
			name = Products;
			sourceTree = "<group>";
		};
		2E5BAAFC23A4A06700CA9A41 /* dEmo */ = {
			isa = PBXGroup;
			children = (
				2E5BAAFD23A4A06700CA9A41 /* AppDelegate.swift */,
				2E5BAAFF23A4A06700CA9A41 /* SceneDelegate.swift */,
				2E5BAB0123A4A06700CA9A41 /* GameViewController.swift */,
				2E5BAB1723AF1F9C00CA9A41 /* DIceGameViewController.swift */,
				2E5BAB0323A4A06700CA9A41 /* Main.storyboard */,
				2E5BAB0623A4A06800CA9A41 /* Assets.xcassets */,
				2E5BAB0823A4A06800CA9A41 /* LaunchScreen.storyboard */,
				2E5BAB0B23A4A06800CA9A41 /* Info.plist */,
				2E5BAB1523A4AF1D00CA9A41 /* String.swift */,
				F72F5CD92414955C00BAA804 /* SettingsTableViewController.swift */,
				F72F5CDF2414CF9100BAA804 /* ResultsTableViewController.swift */,
			);
			path = dEmo;
			sourceTree = "<group>";
		};
/* End PBXGroup section */

/* Begin PBXNativeTarget section */
		2E5BAAF923A4A06700CA9A41 /* dEmo */ = {
			isa = PBXNativeTarget;
			buildConfigurationList = 2E5BAB0E23A4A06800CA9A41 /* Build configuration list for PBXNativeTarget "dEmo" */;
			buildPhases = (
				2E5BAAF623A4A06700CA9A41 /* Sources */,
				2E5BAAF723A4A06700CA9A41 /* Frameworks */,
				2E5BAAF823A4A06700CA9A41 /* Resources */,
			);
			buildRules = (
			);
			dependencies = (
			);
			name = dEmo;
			productName = dEmo;
			productReference = 2E5BAAFA23A4A06700CA9A41 /* PATSAV Game.app */;
			productType = "com.apple.product-type.application";
		};
/* End PBXNativeTarget section */

/* Begin PBXProject section */
		2E5BAAF223A4A06700CA9A41 /* Project object */ = {
			isa = PBXProject;
			attributes = {
				LastSwiftUpdateCheck = 1120;
				LastUpgradeCheck = 1120;
				ORGANIZATIONNAME = "Calli Bates";
				TargetAttributes = {
					2E5BAAF923A4A06700CA9A41 = {
						CreatedOnToolsVersion = 11.2.1;
					};
				};
			};
			buildConfigurationList = 2E5BAAF523A4A06700CA9A41 /* Build configuration list for PBXProject "dEmo" */;
			compatibilityVersion = "Xcode 9.3";
			developmentRegion = en;
			hasScannedForEncodings = 0;
			knownRegions = (
				en,
				Base,
			);
			mainGroup = 2E5BAAF123A4A06700CA9A41;
			productRefGroup = 2E5BAAFB23A4A06700CA9A41 /* Products */;
			projectDirPath = "";
			projectRoot = "";
			targets = (
				2E5BAAF923A4A06700CA9A41 /* dEmo */,
			);
		};
/* End PBXProject section */

/* Begin PBXResourcesBuildPhase section */
		2E5BAAF823A4A06700CA9A41 /* Resources */ = {
			isa = PBXResourcesBuildPhase;
			buildActionMask = 2147483647;
			files = (
				2E5BAB0A23A4A06800CA9A41 /* LaunchScreen.storyboard in Resources */,
				2E5BAB0723A4A06800CA9A41 /* Assets.xcassets in Resources */,
				2E5BAB0523A4A06700CA9A41 /* Main.storyboard in Resources */,
			);
			runOnlyForDeploymentPostprocessing = 0;
		};
/* End PBXResourcesBuildPhase section */

/* Begin PBXSourcesBuildPhase section */
		2E5BAAF623A4A06700CA9A41 /* Sources */ = {
			isa = PBXSourcesBuildPhase;
			buildActionMask = 2147483647;
			files = (
				2E5BAB0223A4A06700CA9A41 /* GameViewController.swift in Sources */,
				F72F5CE02414CF9100BAA804 /* ResultsTableViewController.swift in Sources */,
				2E5BAAFE23A4A06700CA9A41 /* AppDelegate.swift in Sources */,
				F72F5CDA2414955C00BAA804 /* SettingsTableViewController.swift in Sources */,
				2E5BAB1823AF1F9C00CA9A41 /* DIceGameViewController.swift in Sources */,
				2E5BAB1623A4AF1D00CA9A41 /* String.swift in Sources */,
				2E5BAB0023A4A06700CA9A41 /* SceneDelegate.swift in Sources */,
			);
			runOnlyForDeploymentPostprocessing = 0;
		};
/* End PBXSourcesBuildPhase section */

/* Begin PBXVariantGroup section */
		2E5BAB0323A4A06700CA9A41 /* Main.storyboard */ = {
			isa = PBXVariantGroup;
			children = (
				2E5BAB0423A4A06700CA9A41 /* Base */,
			);
			name = Main.storyboard;
			sourceTree = "<group>";
		};
		2E5BAB0823A4A06800CA9A41 /* LaunchScreen.storyboard */ = {
			isa = PBXVariantGroup;
			children = (
				2E5BAB0923A4A06800CA9A41 /* Base */,
			);
			name = LaunchScreen.storyboard;
			sourceTree = "<group>";
		};
/* End PBXVariantGroup section */

/* Begin XCBuildConfiguration section */
		2E5BAB0C23A4A06800CA9A41 /* Debug */ = {
			isa = XCBuildConfiguration;
			buildSettings = {
				ALWAYS_SEARCH_USER_PATHS = NO;
				CLANG_ANALYZER_NONNULL = YES;
				CLANG_ANALYZER_NUMBER_OBJECT_CONVERSION = YES_AGGRESSIVE;
				CLANG_CXX_LANGUAGE_STANDARD = "gnu++14";
				CLANG_CXX_LIBRARY = "libc++";
				CLANG_ENABLE_MODULES = YES;
				CLANG_ENABLE_OBJC_ARC = YES;
				CLANG_ENABLE_OBJC_WEAK = YES;
				CLANG_WARN_BLOCK_CAPTURE_AUTORELEASING = YES;
				CLANG_WARN_BOOL_CONVERSION = YES;
				CLANG_WARN_COMMA = YES;
				CLANG_WARN_CONSTANT_CONVERSION = YES;
				CLANG_WARN_DEPRECATED_OBJC_IMPLEMENTATIONS = YES;
				CLANG_WARN_DIRECT_OBJC_ISA_USAGE = YES_ERROR;
				CLANG_WARN_DOCUMENTATION_COMMENTS = YES;
				CLANG_WARN_EMPTY_BODY = YES;
				CLANG_WARN_ENUM_CONVERSION = YES;
				CLANG_WARN_INFINITE_RECURSION = YES;
				CLANG_WARN_INT_CONVERSION = YES;
				CLANG_WARN_NON_LITERAL_NULL_CONVERSION = YES;
				CLANG_WARN_OBJC_IMPLICIT_RETAIN_SELF = YES;
				CLANG_WARN_OBJC_LITERAL_CONVERSION = YES;
				CLANG_WARN_OBJC_ROOT_CLASS = YES_ERROR;
				CLANG_WARN_RANGE_LOOP_ANALYSIS = YES;
				CLANG_WARN_STRICT_PROTOTYPES = YES;
				CLANG_WARN_SUSPICIOUS_MOVE = YES;
				CLANG_WARN_UNGUARDED_AVAILABILITY = YES_AGGRESSIVE;
				CLANG_WARN_UNREACHABLE_CODE = YES;
				CLANG_WARN__DUPLICATE_METHOD_MATCH = YES;
				COPY_PHASE_STRIP = NO;
				DEBUG_INFORMATION_FORMAT = dwarf;
				ENABLE_STRICT_OBJC_MSGSEND = YES;
				ENABLE_TESTABILITY = YES;
				GCC_C_LANGUAGE_STANDARD = gnu11;
				GCC_DYNAMIC_NO_PIC = NO;
				GCC_NO_COMMON_BLOCKS = YES;
				GCC_OPTIMIZATION_LEVEL = 0;
				GCC_PREPROCESSOR_DEFINITIONS = (
					"DEBUG=1",
					"$(inherited)",
				);
				GCC_WARN_64_TO_32_BIT_CONVERSION = YES;
				GCC_WARN_ABOUT_RETURN_TYPE = YES_ERROR;
				GCC_WARN_UNDECLARED_SELECTOR = YES;
				GCC_WARN_UNINITIALIZED_AUTOS = YES_AGGRESSIVE;
				GCC_WARN_UNUSED_FUNCTION = YES;
				GCC_WARN_UNUSED_VARIABLE = YES;
				IPHONEOS_DEPLOYMENT_TARGET = 13.2;
				MTL_ENABLE_DEBUG_INFO = INCLUDE_SOURCE;
				MTL_FAST_MATH = YES;
				ONLY_ACTIVE_ARCH = YES;
				SDKROOT = iphoneos;
				SWIFT_ACTIVE_COMPILATION_CONDITIONS = DEBUG;
				SWIFT_OPTIMIZATION_LEVEL = "-Onone";
			};
			name = Debug;
		};
		2E5BAB0D23A4A06800CA9A41 /* Release */ = {
			isa = XCBuildConfiguration;
			buildSettings = {
				ALWAYS_SEARCH_USER_PATHS = NO;
				CLANG_ANALYZER_NONNULL = YES;
				CLANG_ANALYZER_NUMBER_OBJECT_CONVERSION = YES_AGGRESSIVE;
				CLANG_CXX_LANGUAGE_STANDARD = "gnu++14";
				CLANG_CXX_LIBRARY = "libc++";
				CLANG_ENABLE_MODULES = YES;
				CLANG_ENABLE_OBJC_ARC = YES;
				CLANG_ENABLE_OBJC_WEAK = YES;
				CLANG_WARN_BLOCK_CAPTURE_AUTORELEASING = YES;
				CLANG_WARN_BOOL_CONVERSION = YES;
				CLANG_WARN_COMMA = YES;
				CLANG_WARN_CONSTANT_CONVERSION = YES;
				CLANG_WARN_DEPRECATED_OBJC_IMPLEMENTATIONS = YES;
				CLANG_WARN_DIRECT_OBJC_ISA_USAGE = YES_ERROR;
				CLANG_WARN_DOCUMENTATION_COMMENTS = YES;
				CLANG_WARN_EMPTY_BODY = YES;
				CLANG_WARN_ENUM_CONVERSION = YES;
				CLANG_WARN_INFINITE_RECURSION = YES;
				CLANG_WARN_INT_CONVERSION = YES;
				CLANG_WARN_NON_LITERAL_NULL_CONVERSION = YES;
				CLANG_WARN_OBJC_IMPLICIT_RETAIN_SELF = YES;
				CLANG_WARN_OBJC_LITERAL_CONVERSION = YES;
				CLANG_WARN_OBJC_ROOT_CLASS = YES_ERROR;
				CLANG_WARN_RANGE_LOOP_ANALYSIS = YES;
				CLANG_WARN_STRICT_PROTOTYPES = YES;
				CLANG_WARN_SUSPICIOUS_MOVE = YES;
				CLANG_WARN_UNGUARDED_AVAILABILITY = YES_AGGRESSIVE;
				CLANG_WARN_UNREACHABLE_CODE = YES;
				CLANG_WARN__DUPLICATE_METHOD_MATCH = YES;
				COPY_PHASE_STRIP = NO;
				DEBUG_INFORMATION_FORMAT = "dwarf-with-dsym";
				ENABLE_NS_ASSERTIONS = NO;
				ENABLE_STRICT_OBJC_MSGSEND = YES;
				GCC_C_LANGUAGE_STANDARD = gnu11;
				GCC_NO_COMMON_BLOCKS = YES;
				GCC_WARN_64_TO_32_BIT_CONVERSION = YES;
				GCC_WARN_ABOUT_RETURN_TYPE = YES_ERROR;
				GCC_WARN_UNDECLARED_SELECTOR = YES;
				GCC_WARN_UNINITIALIZED_AUTOS = YES_AGGRESSIVE;
				GCC_WARN_UNUSED_FUNCTION = YES;
				GCC_WARN_UNUSED_VARIABLE = YES;
				IPHONEOS_DEPLOYMENT_TARGET = 13.2;
				MTL_ENABLE_DEBUG_INFO = NO;
				MTL_FAST_MATH = YES;
				SDKROOT = iphoneos;
				SWIFT_COMPILATION_MODE = wholemodule;
				SWIFT_OPTIMIZATION_LEVEL = "-O";
				VALIDATE_PRODUCT = YES;
			};
			name = Release;
		};
		2E5BAB0F23A4A06800CA9A41 /* Debug */ = {
			isa = XCBuildConfiguration;
			buildSettings = {
				ASSETCATALOG_COMPILER_APPICON_NAME = AppIcon;
				CODE_SIGN_STYLE = Automatic;
				DEVELOPMENT_TEAM = 9JQAAS5GM4;
				INFOPLIST_FILE = dEmo/Info.plist;
				IPHONEOS_DEPLOYMENT_TARGET = 11.0;
				LD_RUNPATH_SEARCH_PATHS = (
					"$(inherited)",
					"@executable_path/Frameworks",
				);
				ONLY_ACTIVE_ARCH = YES;
				PRODUCT_BUNDLE_IDENTIFIER = PATSAVDemo;
				PRODUCT_NAME = "PATSAV Game";
				SWIFT_VERSION = 5.0;
				TARGETED_DEVICE_FAMILY = 2;
			};
			name = Debug;
		};
		2E5BAB1023A4A06800CA9A41 /* Release */ = {
			isa = XCBuildConfiguration;
			buildSettings = {
				ASSETCATALOG_COMPILER_APPICON_NAME = AppIcon;
				CODE_SIGN_STYLE = Automatic;
				DEVELOPMENT_TEAM = 9JQAAS5GM4;
				INFOPLIST_FILE = dEmo/Info.plist;
				IPHONEOS_DEPLOYMENT_TARGET = 11.0;
				LD_RUNPATH_SEARCH_PATHS = (
					"$(inherited)",
					"@executable_path/Frameworks",
				);
				ONLY_ACTIVE_ARCH = NO;
				PRODUCT_BUNDLE_IDENTIFIER = PATSAVDemo;
				PRODUCT_NAME = "PATSAV Game";
				SWIFT_VERSION = 5.0;
				TARGETED_DEVICE_FAMILY = 2;
			};
			name = Release;
		};
/* End XCBuildConfiguration section */

/* Begin XCConfigurationList section */
		2E5BAAF523A4A06700CA9A41 /* Build configuration list for PBXProject "dEmo" */ = {
			isa = XCConfigurationList;
			buildConfigurations = (
				2E5BAB0C23A4A06800CA9A41 /* Debug */,
				2E5BAB0D23A4A06800CA9A41 /* Release */,
			);
			defaultConfigurationIsVisible = 0;
			defaultConfigurationName = Release;
		};
		2E5BAB0E23A4A06800CA9A41 /* Build configuration list for PBXNativeTarget "dEmo" */ = {
			isa = XCConfigurationList;
			buildConfigurations = (
				2E5BAB0F23A4A06800CA9A41 /* Debug */,
				2E5BAB1023A4A06800CA9A41 /* Release */,
			);
			defaultConfigurationIsVisible = 0;
			defaultConfigurationName = Release;
		};
/* End XCConfigurationList section */
	};
	rootObject = 2E5BAAF223A4A06700CA9A41 /* Project object */;
}
